
Microsoft Visual Studio Solution File, Format Version 12.00
# Visual Studio 15
VisualStudioVersion = 15.0.28307.902
MinimumVisualStudioVersion = 10.0.40219.1
Project("{FAE04EC0-301F-11D3-BF4B-00C04F79EFBC}") = "Excel Web", "Excel Web\Excel Web.csproj", "{350C079F-F3FE-480F-8918-4FF9B09F1016}"
EndProject
Global
	GlobalSection(SolutionConfigurationPlatforms) = preSolution
		Debug|Any CPU = Debug|Any CPU
		Release|Any CPU = Release|Any CPU
	EndGlobalSection
	GlobalSection(ProjectConfigurationPlatforms) = postSolution
		{350C079F-F3FE-480F-8918-4FF9B09F1016}.Debug|Any CPU.ActiveCfg = Debug|Any CPU
		{350C079F-F3FE-480F-8918-4FF9B09F1016}.Debug|Any CPU.Build.0 = Debug|Any CPU
		{350C079F-F3FE-480F-8918-4FF9B09F1016}.Release|Any CPU.ActiveCfg = Release|Any CPU
		{350C079F-F3FE-480F-8918-4FF9B09F1016}.Release|Any CPU.Build.0 = Release|Any CPU
	EndGlobalSection
	GlobalSection(SolutionProperties) = preSolution
		HideSolutionNode = FALSE
	EndGlobalSection
	GlobalSection(ExtensibilityGlobals) = postSolution
		SolutionGuid = {BAFD3103-511B-44BE-AF8F-9CDCA7303B28}
	EndGlobalSection
EndGlobal
